
Microsoft Visual Studio Solution File, Format Version 12.00
# Visual Studio 15
VisualStudioVersion = 15.0.28307.329
MinimumVisualStudioVersion = 10.0.40219.1
Project("{FAE04EC0-301F-11D3-BF4B-00C04F79EFBC}") = "Nhibernate1", "Nhibernate1\Nhibernate1.csproj", "{7F407493-70E9-4BA0-B2E5-3122C21DFABA}"
EndProject
Global
	GlobalSection(SolutionConfigurationPlatforms) = preSolution
		Debug|Any CPU = Debug|Any CPU
		Release|Any CPU = Release|Any CPU
	EndGlobalSection
	GlobalSection(ProjectConfigurationPlatforms) = postSolution
		{7F407493-70E9-4BA0-B2E5-3122C21DFABA}.Debug|Any CPU.ActiveCfg = Debug|Any CPU
		{7F407493-70E9-4BA0-B2E5-3122C21DFABA}.Debug|Any CPU.Build.0 = Debug|Any CPU
		{7F407493-70E9-4BA0-B2E5-3122C21DFABA}.Release|Any CPU.ActiveCfg = Release|Any CPU
		{7F407493-70E9-4BA0-B2E5-3122C21DFABA}.Release|Any CPU.Build.0 = Release|Any CPU
	EndGlobalSection
	GlobalSection(SolutionProperties) = preSolution
		HideSolutionNode = FALSE
	EndGlobalSection
	GlobalSection(ExtensibilityGlobals) = postSolution
		SolutionGuid = {1F4F9E0D-2AFF-422C-BC87-56579D02BA87}
	EndGlobalSection
EndGlobal
